
Microsoft Visual Studio Solution File, Format Version 12.00
# Visual Studio 15
VisualStudioVersion = 15.0.27703.2000
MinimumVisualStudioVersion = 10.0.40219.1
Project("{FAE04EC0-301F-11D3-BF4B-00C04F79EFBC}") = "Turtle.Console", "Turtle.Console\Turtle.Console.csproj", "{E8981563-6A9B-4E64-A936-64CE6E3600A2}"
EndProject
Project("{FAE04EC0-301F-11D3-BF4B-00C04F79EFBC}") = "Turtle.Library", "Turtle.Library\Turtle.Library.csproj", "{A6CE9643-DA7E-4D00-A069-394042A82219}"
EndProject
Project("{FAE04EC0-301F-11D3-BF4B-00C04F79EFBC}") = "Turtle.Test", "Turtle.Test\Turtle.Test.csproj", "{4C7FA823-4431-4FE3-9C2F-090679C976D0}"
EndProject
Global
	GlobalSection(SolutionConfigurationPlatforms) = preSolution
		Debug|Any CPU = Debug|Any CPU
		Release|Any CPU = Release|Any CPU
	EndGlobalSection
	GlobalSection(ProjectConfigurationPlatforms) = postSolution
		{E8981563-6A9B-4E64-A936-64CE6E3600A2}.Debug|Any CPU.ActiveCfg = Debug|Any CPU
		{E8981563-6A9B-4E64-A936-64CE6E3600A2}.Debug|Any CPU.Build.0 = Debug|Any CPU
		{E8981563-6A9B-4E64-A936-64CE6E3600A2}.Release|Any CPU.ActiveCfg = Release|Any CPU
		{E8981563-6A9B-4E64-A936-64CE6E3600A2}.Release|Any CPU.Build.0 = Release|Any CPU
		{A6CE9643-DA7E-4D00-A069-394042A82219}.Debug|Any CPU.ActiveCfg = Debug|Any CPU
		{A6CE9643-DA7E-4D00-A069-394042A82219}.Debug|Any CPU.Build.0 = Debug|Any CPU
		{A6CE9643-DA7E-4D00-A069-394042A82219}.Release|Any CPU.ActiveCfg = Release|Any CPU
		{A6CE9643-DA7E-4D00-A069-394042A82219}.Release|Any CPU.Build.0 = Release|Any CPU
		{4C7FA823-4431-4FE3-9C2F-090679C976D0}.Debug|Any CPU.ActiveCfg = Debug|Any CPU
		{4C7FA823-4431-4FE3-9C2F-090679C976D0}.Debug|Any CPU.Build.0 = Debug|Any CPU
		{4C7FA823-4431-4FE3-9C2F-090679C976D0}.Release|Any CPU.ActiveCfg = Release|Any CPU
		{4C7FA823-4431-4FE3-9C2F-090679C976D0}.Release|Any CPU.Build.0 = Release|Any CPU
	EndGlobalSection
	GlobalSection(SolutionProperties) = preSolution
		HideSolutionNode = FALSE
	EndGlobalSection
	GlobalSection(ExtensibilityGlobals) = postSolution
		SolutionGuid = {6107455F-E060-42A3-B8E8-EC8C35673BCC}
	EndGlobalSection
EndGlobal
